{
  "name": "shell-image-win",
  "version": "0.1.0",
  "lockfileVersion": 1,
  "requires": true,
  "dependencies": {
    "bindings": {
      "version": "1.3.1",
      "resolved": "https://registry.npmjs.org/bindings/-/bindings-1.3.1.tgz",
      "integrity": "sha512-i47mqjF9UbjxJhxGf+pZ6kSxrnI3wBLlnGI2ArWJ4r0VrvDS7ZYXkprq/pLaBWYq4GM0r4zdHY+NNRqEMU7uew=="
    },
    "nan": {
      "version": "2.14.0",
      "resolved": "https://registry.npmjs.org/nan/-/nan-2.14.0.tgz",
      "integrity": "sha512-INOFj37C7k3AfaNTtX8RhsTw7qRy7eLET14cROi9+5HAVbbHuIWUHEauBv5qT4Av2tWasiTY1Jw6puUNqRJXQg=="
    },
    "tape-modern": {
      "version": "1.1.2",
      "resolved": "https://registry.npmjs.org/tape-modern/-/tape-modern-1.1.2.tgz",
      "integrity": "sha512-0EWihNQ0t1bMR3fxw2ulmei+YMcyXQucg1mRvsz7cB986IorREwpNm/4+CtLtv4pUP7Z9LDywGKThRfngy/Puw=="
    }
  }
}
